
Microsoft Visual Studio Solution File, Format Version 12.00
# Visual Studio Version 17
VisualStudioVersion = 17.13.35931.197 d17.13
MinimumVisualStudioVersion = 10.0.40219.1
Project("{FAE04EC0-301F-11D3-BF4B-00C04F79EFBC}") = "ADELANTO 1", "ADELANTO 1\ADELANTO 1.csproj", "{FDE57900-72DA-48BE-A7F3-E57C8B27FFC3}"
EndProject
Global
	GlobalSection(SolutionConfigurationPlatforms) = preSolution
		Debug|Any CPU = Debug|Any CPU
		Release|Any CPU = Release|Any CPU
	EndGlobalSection
	GlobalSection(ProjectConfigurationPlatforms) = postSolution
		{FDE57900-72DA-48BE-A7F3-E57C8B27FFC3}.Debug|Any CPU.ActiveCfg = Debug|Any CPU
		{FDE57900-72DA-48BE-A7F3-E57C8B27FFC3}.Debug|Any CPU.Build.0 = Debug|Any CPU
		{FDE57900-72DA-48BE-A7F3-E57C8B27FFC3}.Release|Any CPU.ActiveCfg = Release|Any CPU
		{FDE57900-72DA-48BE-A7F3-E57C8B27FFC3}.Release|Any CPU.Build.0 = Release|Any CPU
	EndGlobalSection
	GlobalSection(SolutionProperties) = preSolution
		HideSolutionNode = FALSE
	EndGlobalSection
	GlobalSection(ExtensibilityGlobals) = postSolution
		SolutionGuid = {ADEEDD37-8462-4936-86A0-F2EB15E92A04}
	EndGlobalSection
EndGlobal
